# This file is automatically @generated by Cargo.
# It is not intended for manual editing.
version = 3

[[package]]
name = "build_const"
version = "0.2.1"
source = "registry+https://github.com/rust-lang/crates.io-index"
checksum = "39092a32794787acd8525ee150305ff051b0aa6cc2abaf193924f5ab05425f39"

[[package]]
name = "bzlib_rust"
version = "0.0.1"
dependencies = [
 "crc",
]

[[package]]
name = "crc"
version = "1.8.1"
source = "git+https://github.com/mrhooray/crc-rs#b91a0a952387423cd0b026ce4522177f2e57498f"
dependencies = [
 "build_const",
]
